// !$*UTF8*$!
{
	archiveVersion = 1;
	classes = {
	};
	objectVersion = 56;
	objects = {

/* Begin PBXBuildFile section */
		A89C04922999B4DA00246C2D /* RMLocation.swift in Sources */ = {isa = PBXBuildFile; fileRef = A89C04912999B4DA00246C2D /* RMLocation.swift */; };
		A89C04942999B4EB00246C2D /* RMCharacters.swift in Sources */ = {isa = PBXBuildFile; fileRef = A89C04932999B4EB00246C2D /* RMCharacters.swift */; };
		A89C04962999B50500246C2D /* RMEpisode.swift in Sources */ = {isa = PBXBuildFile; fileRef = A89C04952999B50500246C2D /* RMEpisode.swift */; };
		A89C04992999B5AB00246C2D /* RMCharacterViewController.swift in Sources */ = {isa = PBXBuildFile; fileRef = A89C04982999B5AB00246C2D /* RMCharacterViewController.swift */; };
		A89C049B2999B5E800246C2D /* RMLocationViewController.swift in Sources */ = {isa = PBXBuildFile; fileRef = A89C049A2999B5E800246C2D /* RMLocationViewController.swift */; };
		A89C049D2999B60300246C2D /* RMEpisodeViewController.swift in Sources */ = {isa = PBXBuildFile; fileRef = A89C049C2999B60300246C2D /* RMEpisodeViewController.swift */; };
		A89C049F2999B61900246C2D /* RMSettingsViewController.swift in Sources */ = {isa = PBXBuildFile; fileRef = A89C049E2999B61900246C2D /* RMSettingsViewController.swift */; };
		A8C1BE4729992DA600234C3E /* AppDelegate.swift in Sources */ = {isa = PBXBuildFile; fileRef = A8C1BE4629992DA600234C3E /* AppDelegate.swift */; };
		A8C1BE4929992DA600234C3E /* SceneDelegate.swift in Sources */ = {isa = PBXBuildFile; fileRef = A8C1BE4829992DA600234C3E /* SceneDelegate.swift */; };
		A8C1BE4B29992DA600234C3E /* RMTabViewController.swift in Sources */ = {isa = PBXBuildFile; fileRef = A8C1BE4A29992DA600234C3E /* RMTabViewController.swift */; };
		A8C1BE5029992DA700234C3E /* Assets.xcassets in Resources */ = {isa = PBXBuildFile; fileRef = A8C1BE4F29992DA700234C3E /* Assets.xcassets */; };
		A8C1BE5329992DA700234C3E /* LaunchScreen.storyboard in Resources */ = {isa = PBXBuildFile; fileRef = A8C1BE5129992DA700234C3E /* LaunchScreen.storyboard */; };
/* End PBXBuildFile section */

/* Begin PBXFileReference section */
		A89C04912999B4DA00246C2D /* RMLocation.swift */ = {isa = PBXFileReference; lastKnownFileType = sourcecode.swift; path = RMLocation.swift; sourceTree = "<group>"; };
		A89C04932999B4EB00246C2D /* RMCharacters.swift */ = {isa = PBXFileReference; lastKnownFileType = sourcecode.swift; path = RMCharacters.swift; sourceTree = "<group>"; };
		A89C04952999B50500246C2D /* RMEpisode.swift */ = {isa = PBXFileReference; lastKnownFileType = sourcecode.swift; path = RMEpisode.swift; sourceTree = "<group>"; };
		A89C04982999B5AB00246C2D /* RMCharacterViewController.swift */ = {isa = PBXFileReference; lastKnownFileType = sourcecode.swift; path = RMCharacterViewController.swift; sourceTree = "<group>"; };
		A89C049A2999B5E800246C2D /* RMLocationViewController.swift */ = {isa = PBXFileReference; lastKnownFileType = sourcecode.swift; path = RMLocationViewController.swift; sourceTree = "<group>"; };
		A89C049C2999B60300246C2D /* RMEpisodeViewController.swift */ = {isa = PBXFileReference; lastKnownFileType = sourcecode.swift; path = RMEpisodeViewController.swift; sourceTree = "<group>"; };
		A89C049E2999B61900246C2D /* RMSettingsViewController.swift */ = {isa = PBXFileReference; lastKnownFileType = sourcecode.swift; path = RMSettingsViewController.swift; sourceTree = "<group>"; };
		A8C1BE4329992DA600234C3E /* RickAndMorty.app */ = {isa = PBXFileReference; explicitFileType = wrapper.application; includeInIndex = 0; path = RickAndMorty.app; sourceTree = BUILT_PRODUCTS_DIR; };
		A8C1BE4629992DA600234C3E /* AppDelegate.swift */ = {isa = PBXFileReference; lastKnownFileType = sourcecode.swift; path = AppDelegate.swift; sourceTree = "<group>"; };
		A8C1BE4829992DA600234C3E /* SceneDelegate.swift */ = {isa = PBXFileReference; lastKnownFileType = sourcecode.swift; path = SceneDelegate.swift; sourceTree = "<group>"; };
		A8C1BE4A29992DA600234C3E /* RMTabViewController.swift */ = {isa = PBXFileReference; lastKnownFileType = sourcecode.swift; path = RMTabViewController.swift; sourceTree = "<group>"; };
		A8C1BE4F29992DA700234C3E /* Assets.xcassets */ = {isa = PBXFileReference; lastKnownFileType = folder.assetcatalog; path = Assets.xcassets; sourceTree = "<group>"; };
		A8C1BE5229992DA700234C3E /* Base */ = {isa = PBXFileReference; lastKnownFileType = file.storyboard; name = Base; path = Base.lproj/LaunchScreen.storyboard; sourceTree = "<group>"; };
		A8C1BE5429992DA700234C3E /* Info.plist */ = {isa = PBXFileReference; lastKnownFileType = text.plist.xml; path = Info.plist; sourceTree = "<group>"; };
/* End PBXFileReference section */

/* Begin PBXFrameworksBuildPhase section */
		A8C1BE4029992DA600234C3E /* Frameworks */ = {
			isa = PBXFrameworksBuildPhase;
			buildActionMask = 2147483647;
			files = (
			);
			runOnlyForDeploymentPostprocessing = 0;
		};
/* End PBXFrameworksBuildPhase section */

/* Begin PBXGroup section */
		A89C048A2999B43E00246C2D /* Controllers */ = {
			isa = PBXGroup;
			children = (
				A89C04972999B57900246C2D /* Core */,
			);
			path = Controllers;
			sourceTree = "<group>";
		};
		A89C048B2999B44800246C2D /* Models */ = {
			isa = PBXGroup;
			children = (
				A89C04912999B4DA00246C2D /* RMLocation.swift */,
				A89C04932999B4EB00246C2D /* RMCharacters.swift */,
				A89C04952999B50500246C2D /* RMEpisode.swift */,
			);
			path = Models;
			sourceTree = "<group>";
		};
		A89C048C2999B44E00246C2D /* Views */ = {
			isa = PBXGroup;
			children = (
			);
			path = Views;
			sourceTree = "<group>";
		};
		A89C048D2999B45700246C2D /* viewModels */ = {
			isa = PBXGroup;
			children = (
			);
			path = viewModels;
			sourceTree = "<group>";
		};
		A89C048E2999B45F00246C2D /* Managers */ = {
			isa = PBXGroup;
			children = (
			);
			path = Managers;
			sourceTree = "<group>";
		};
		A89C048F2999B46C00246C2D /* APIClient */ = {
			isa = PBXGroup;
			children = (
			);
			path = APIClient;
			sourceTree = "<group>";
		};
		A89C04902999B47600246C2D /* Resources */ = {
			isa = PBXGroup;
			children = (
				A8C1BE4F29992DA700234C3E /* Assets.xcassets */,
				A8C1BE5129992DA700234C3E /* LaunchScreen.storyboard */,
				A8C1BE4629992DA600234C3E /* AppDelegate.swift */,
				A8C1BE4829992DA600234C3E /* SceneDelegate.swift */,
			);
			path = Resources;
			sourceTree = "<group>";
		};
		A89C04972999B57900246C2D /* Core */ = {
			isa = PBXGroup;
			children = (
				A8C1BE4A29992DA600234C3E /* RMTabViewController.swift */,
				A89C04982999B5AB00246C2D /* RMCharacterViewController.swift */,
				A89C049A2999B5E800246C2D /* RMLocationViewController.swift */,
				A89C049C2999B60300246C2D /* RMEpisodeViewController.swift */,
				A89C049E2999B61900246C2D /* RMSettingsViewController.swift */,
			);
			path = Core;
			sourceTree = "<group>";
		};
		A8C1BE3A29992DA600234C3E = {
			isa = PBXGroup;
			children = (
				A8C1BE4529992DA600234C3E /* RickAndMorty */,
				A8C1BE4429992DA600234C3E /* Products */,
			);
			sourceTree = "<group>";
		};
		A8C1BE4429992DA600234C3E /* Products */ = {
			isa = PBXGroup;
			children = (
				A8C1BE4329992DA600234C3E /* RickAndMorty.app */,
			);
			name = Products;
			sourceTree = "<group>";
		};
		A8C1BE4529992DA600234C3E /* RickAndMorty */ = {
			isa = PBXGroup;
			children = (
				A89C04902999B47600246C2D /* Resources */,
				A89C048F2999B46C00246C2D /* APIClient */,
				A89C048E2999B45F00246C2D /* Managers */,
				A89C048D2999B45700246C2D /* viewModels */,
				A89C048C2999B44E00246C2D /* Views */,
				A89C048B2999B44800246C2D /* Models */,
				A89C048A2999B43E00246C2D /* Controllers */,
				A8C1BE5429992DA700234C3E /* Info.plist */,
			);
			path = RickAndMorty;
			sourceTree = "<group>";
		};
/* End PBXGroup section */

/* Begin PBXNativeTarget section */
		A8C1BE4229992DA600234C3E /* RickAndMorty */ = {
			isa = PBXNativeTarget;
			buildConfigurationList = A8C1BE5729992DA700234C3E /* Build configuration list for PBXNativeTarget "RickAndMorty" */;
			buildPhases = (
				A8C1BE3F29992DA600234C3E /* Sources */,
				A8C1BE4029992DA600234C3E /* Frameworks */,
				A8C1BE4129992DA600234C3E /* Resources */,
			);
			buildRules = (
			);
			dependencies = (
			);
			name = RickAndMorty;
			productName = RickAndMorty;
			productReference = A8C1BE4329992DA600234C3E /* RickAndMorty.app */;
			productType = "com.apple.product-type.application";
		};
/* End PBXNativeTarget section */

/* Begin PBXProject section */
		A8C1BE3B29992DA600234C3E /* Project object */ = {
			isa = PBXProject;
			attributes = {
				BuildIndependentTargetsInParallel = 1;
				LastSwiftUpdateCheck = 1420;
				LastUpgradeCheck = 1420;
				TargetAttributes = {
					A8C1BE4229992DA600234C3E = {
						CreatedOnToolsVersion = 14.2;
					};
				};
			};
			buildConfigurationList = A8C1BE3E29992DA600234C3E /* Build configuration list for PBXProject "RickAndMorty" */;
			compatibilityVersion = "Xcode 14.0";
			developmentRegion = en;
			hasScannedForEncodings = 0;
			knownRegions = (
				en,
				Base,
			);
			mainGroup = A8C1BE3A29992DA600234C3E;
			productRefGroup = A8C1BE4429992DA600234C3E /* Products */;
			projectDirPath = "";
			projectRoot = "";
			targets = (
				A8C1BE4229992DA600234C3E /* RickAndMorty */,
			);
		};
/* End PBXProject section */

/* Begin PBXResourcesBuildPhase section */
		A8C1BE4129992DA600234C3E /* Resources */ = {
			isa = PBXResourcesBuildPhase;
			buildActionMask = 2147483647;
			files = (
				A8C1BE5329992DA700234C3E /* LaunchScreen.storyboard in Resources */,
				A8C1BE5029992DA700234C3E /* Assets.xcassets in Resources */,
			);
			runOnlyForDeploymentPostprocessing = 0;
		};
/* End PBXResourcesBuildPhase section */

/* Begin PBXSourcesBuildPhase section */
		A8C1BE3F29992DA600234C3E /* Sources */ = {
			isa = PBXSourcesBuildPhase;
			buildActionMask = 2147483647;
			files = (
				A89C049B2999B5E800246C2D /* RMLocationViewController.swift in Sources */,
				A89C04962999B50500246C2D /* RMEpisode.swift in Sources */,
				A8C1BE4B29992DA600234C3E /* RMTabViewController.swift in Sources */,
				A89C049D2999B60300246C2D /* RMEpisodeViewController.swift in Sources */,
				A8C1BE4729992DA600234C3E /* AppDelegate.swift in Sources */,
				A89C04942999B4EB00246C2D /* RMCharacters.swift in Sources */,
				A89C049F2999B61900246C2D /* RMSettingsViewController.swift in Sources */,
				A8C1BE4929992DA600234C3E /* SceneDelegate.swift in Sources */,
				A89C04922999B4DA00246C2D /* RMLocation.swift in Sources */,
				A89C04992999B5AB00246C2D /* RMCharacterViewController.swift in Sources */,
			);
			runOnlyForDeploymentPostprocessing = 0;
		};
/* End PBXSourcesBuildPhase section */

/* Begin PBXVariantGroup section */
		A8C1BE5129992DA700234C3E /* LaunchScreen.storyboard */ = {
			isa = PBXVariantGroup;
			children = (
				A8C1BE5229992DA700234C3E /* Base */,
			);
			name = LaunchScreen.storyboard;
			sourceTree = "<group>";
		};
/* End PBXVariantGroup section */

/* Begin XCBuildConfiguration section */
		A8C1BE5529992DA700234C3E /* Debug */ = {
			isa = XCBuildConfiguration;
			buildSettings = {
				ALWAYS_SEARCH_USER_PATHS = NO;
				CLANG_ANALYZER_NONNULL = YES;
				CLANG_ANALYZER_NUMBER_OBJECT_CONVERSION = YES_AGGRESSIVE;
				CLANG_CXX_LANGUAGE_STANDARD = "gnu++20";
				CLANG_ENABLE_MODULES = YES;
				CLANG_ENABLE_OBJC_ARC = YES;
				CLANG_ENABLE_OBJC_WEAK = YES;
				CLANG_WARN_BLOCK_CAPTURE_AUTORELEASING = YES;
				CLANG_WARN_BOOL_CONVERSION = YES;
				CLANG_WARN_COMMA = YES;
				CLANG_WARN_CONSTANT_CONVERSION = YES;
				CLANG_WARN_DEPRECATED_OBJC_IMPLEMENTATIONS = YES;
				CLANG_WARN_DIRECT_OBJC_ISA_USAGE = YES_ERROR;
				CLANG_WARN_DOCUMENTATION_COMMENTS = YES;
				CLANG_WARN_EMPTY_BODY = YES;
				CLANG_WARN_ENUM_CONVERSION = YES;
				CLANG_WARN_INFINITE_RECURSION = YES;
				CLANG_WARN_INT_CONVERSION = YES;
				CLANG_WARN_NON_LITERAL_NULL_CONVERSION = YES;
				CLANG_WARN_OBJC_IMPLICIT_RETAIN_SELF = YES;
				CLANG_WARN_OBJC_LITERAL_CONVERSION = YES;
				CLANG_WARN_OBJC_ROOT_CLASS = YES_ERROR;
				CLANG_WARN_QUOTED_INCLUDE_IN_FRAMEWORK_HEADER = YES;
				CLANG_WARN_RANGE_LOOP_ANALYSIS = YES;
				CLANG_WARN_STRICT_PROTOTYPES = YES;
				CLANG_WARN_SUSPICIOUS_MOVE = YES;
				CLANG_WARN_UNGUARDED_AVAILABILITY = YES_AGGRESSIVE;
				CLANG_WARN_UNREACHABLE_CODE = YES;
				CLANG_WARN__DUPLICATE_METHOD_MATCH = YES;
				COPY_PHASE_STRIP = NO;
				DEBUG_INFORMATION_FORMAT = dwarf;
				ENABLE_STRICT_OBJC_MSGSEND = YES;
				ENABLE_TESTABILITY = YES;
				GCC_C_LANGUAGE_STANDARD = gnu11;
				GCC_DYNAMIC_NO_PIC = NO;
				GCC_NO_COMMON_BLOCKS = YES;
				GCC_OPTIMIZATION_LEVEL = 0;
				GCC_PREPROCESSOR_DEFINITIONS = (
					"DEBUG=1",
					"$(inherited)",
				);
				GCC_WARN_64_TO_32_BIT_CONVERSION = YES;
				GCC_WARN_ABOUT_RETURN_TYPE = YES_ERROR;
				GCC_WARN_UNDECLARED_SELECTOR = YES;
				GCC_WARN_UNINITIALIZED_AUTOS = YES_AGGRESSIVE;
				GCC_WARN_UNUSED_FUNCTION = YES;
				GCC_WARN_UNUSED_VARIABLE = YES;
				IPHONEOS_DEPLOYMENT_TARGET = 16.2;
				MTL_ENABLE_DEBUG_INFO = INCLUDE_SOURCE;
				MTL_FAST_MATH = YES;
				ONLY_ACTIVE_ARCH = YES;
				SDKROOT = iphoneos;
				SWIFT_ACTIVE_COMPILATION_CONDITIONS = DEBUG;
				SWIFT_OPTIMIZATION_LEVEL = "-Onone";
			};
			name = Debug;
		};
		A8C1BE5629992DA700234C3E /* Release */ = {
			isa = XCBuildConfiguration;
			buildSettings = {
				ALWAYS_SEARCH_USER_PATHS = NO;
				CLANG_ANALYZER_NONNULL = YES;
				CLANG_ANALYZER_NUMBER_OBJECT_CONVERSION = YES_AGGRESSIVE;
				CLANG_CXX_LANGUAGE_STANDARD = "gnu++20";
				CLANG_ENABLE_MODULES = YES;
				CLANG_ENABLE_OBJC_ARC = YES;
				CLANG_ENABLE_OBJC_WEAK = YES;
				CLANG_WARN_BLOCK_CAPTURE_AUTORELEASING = YES;
				CLANG_WARN_BOOL_CONVERSION = YES;
				CLANG_WARN_COMMA = YES;
				CLANG_WARN_CONSTANT_CONVERSION = YES;
				CLANG_WARN_DEPRECATED_OBJC_IMPLEMENTATIONS = YES;
				CLANG_WARN_DIRECT_OBJC_ISA_USAGE = YES_ERROR;
				CLANG_WARN_DOCUMENTATION_COMMENTS = YES;
				CLANG_WARN_EMPTY_BODY = YES;
				CLANG_WARN_ENUM_CONVERSION = YES;
				CLANG_WARN_INFINITE_RECURSION = YES;
				CLANG_WARN_INT_CONVERSION = YES;
				CLANG_WARN_NON_LITERAL_NULL_CONVERSION = YES;
				CLANG_WARN_OBJC_IMPLICIT_RETAIN_SELF = YES;
				CLANG_WARN_OBJC_LITERAL_CONVERSION = YES;
				CLANG_WARN_OBJC_ROOT_CLASS = YES_ERROR;
				CLANG_WARN_QUOTED_INCLUDE_IN_FRAMEWORK_HEADER = YES;
				CLANG_WARN_RANGE_LOOP_ANALYSIS = YES;
				CLANG_WARN_STRICT_PROTOTYPES = YES;
				CLANG_WARN_SUSPICIOUS_MOVE = YES;
				CLANG_WARN_UNGUARDED_AVAILABILITY = YES_AGGRESSIVE;
				CLANG_WARN_UNREACHABLE_CODE = YES;
				CLANG_WARN__DUPLICATE_METHOD_MATCH = YES;
				COPY_PHASE_STRIP = NO;
				DEBUG_INFORMATION_FORMAT = "dwarf-with-dsym";
				ENABLE_NS_ASSERTIONS = NO;
				ENABLE_STRICT_OBJC_MSGSEND = YES;
				GCC_C_LANGUAGE_STANDARD = gnu11;
				GCC_NO_COMMON_BLOCKS = YES;
				GCC_WARN_64_TO_32_BIT_CONVERSION = YES;
				GCC_WARN_ABOUT_RETURN_TYPE = YES_ERROR;
				GCC_WARN_UNDECLARED_SELECTOR = YES;
				GCC_WARN_UNINITIALIZED_AUTOS = YES_AGGRESSIVE;
				GCC_WARN_UNUSED_FUNCTION = YES;
				GCC_WARN_UNUSED_VARIABLE = YES;
				IPHONEOS_DEPLOYMENT_TARGET = 16.2;
				MTL_ENABLE_DEBUG_INFO = NO;
				MTL_FAST_MATH = YES;
				SDKROOT = iphoneos;
				SWIFT_COMPILATION_MODE = wholemodule;
				SWIFT_OPTIMIZATION_LEVEL = "-O";
				VALIDATE_PRODUCT = YES;
			};
			name = Release;
		};
		A8C1BE5829992DA700234C3E /* Debug */ = {
			isa = XCBuildConfiguration;
			buildSettings = {
				ASSETCATALOG_COMPILER_APPICON_NAME = AppIcon;
				ASSETCATALOG_COMPILER_GLOBAL_ACCENT_COLOR_NAME = AccentColor;
				CODE_SIGN_STYLE = Automatic;
				CURRENT_PROJECT_VERSION = 1;
				GENERATE_INFOPLIST_FILE = YES;
				INFOPLIST_FILE = RickAndMorty/Info.plist;
				INFOPLIST_KEY_UIApplicationSupportsIndirectInputEvents = YES;
				INFOPLIST_KEY_UILaunchStoryboardName = LaunchScreen;
				INFOPLIST_KEY_UISupportedInterfaceOrientations_iPad = "UIInterfaceOrientationPortrait UIInterfaceOrientationPortraitUpsideDown UIInterfaceOrientationLandscapeLeft UIInterfaceOrientationLandscapeRight";
				INFOPLIST_KEY_UISupportedInterfaceOrientations_iPhone = "UIInterfaceOrientationPortrait UIInterfaceOrientationLandscapeLeft UIInterfaceOrientationLandscapeRight";
				LD_RUNPATH_SEARCH_PATHS = (
					"$(inherited)",
					"@executable_path/Frameworks",
				);
				MARKETING_VERSION = 1.0;
				PRODUCT_BUNDLE_IDENTIFIER = colachg.RickAndMorty;
				PRODUCT_NAME = "$(TARGET_NAME)";
				SWIFT_EMIT_LOC_STRINGS = YES;
				SWIFT_VERSION = 5.0;
				TARGETED_DEVICE_FAMILY = "1,2";
			};
			name = Debug;
		};
		A8C1BE5929992DA700234C3E /* Release */ = {
			isa = XCBuildConfiguration;
			buildSettings = {
				ASSETCATALOG_COMPILER_APPICON_NAME = AppIcon;
				ASSETCATALOG_COMPILER_GLOBAL_ACCENT_COLOR_NAME = AccentColor;
				CODE_SIGN_STYLE = Automatic;
				CURRENT_PROJECT_VERSION = 1;
				GENERATE_INFOPLIST_FILE = YES;
				INFOPLIST_FILE = RickAndMorty/Info.plist;
				INFOPLIST_KEY_UIApplicationSupportsIndirectInputEvents = YES;
				INFOPLIST_KEY_UILaunchStoryboardName = LaunchScreen;
				INFOPLIST_KEY_UISupportedInterfaceOrientations_iPad = "UIInterfaceOrientationPortrait UIInterfaceOrientationPortraitUpsideDown UIInterfaceOrientationLandscapeLeft UIInterfaceOrientationLandscapeRight";
				INFOPLIST_KEY_UISupportedInterfaceOrientations_iPhone = "UIInterfaceOrientationPortrait UIInterfaceOrientationLandscapeLeft UIInterfaceOrientationLandscapeRight";
				LD_RUNPATH_SEARCH_PATHS = (
					"$(inherited)",
					"@executable_path/Frameworks",
				);
				MARKETING_VERSION = 1.0;
				PRODUCT_BUNDLE_IDENTIFIER = colachg.RickAndMorty;
				PRODUCT_NAME = "$(TARGET_NAME)";
				SWIFT_EMIT_LOC_STRINGS = YES;
				SWIFT_VERSION = 5.0;
				TARGETED_DEVICE_FAMILY = "1,2";
			};
			name = Release;
		};
/* End XCBuildConfiguration section */

/* Begin XCConfigurationList section */
		A8C1BE3E29992DA600234C3E /* Build configuration list for PBXProject "RickAndMorty" */ = {
			isa = XCConfigurationList;
			buildConfigurations = (
				A8C1BE5529992DA700234C3E /* Debug */,
				A8C1BE5629992DA700234C3E /* Release */,
			);
			defaultConfigurationIsVisible = 0;
			defaultConfigurationName = Release;
		};
		A8C1BE5729992DA700234C3E /* Build configuration list for PBXNativeTarget "RickAndMorty" */ = {
			isa = XCConfigurationList;
			buildConfigurations = (
				A8C1BE5829992DA700234C3E /* Debug */,
				A8C1BE5929992DA700234C3E /* Release */,
			);
			defaultConfigurationIsVisible = 0;
			defaultConfigurationName = Release;
		};
/* End XCConfigurationList section */
	};
	rootObject = A8C1BE3B29992DA600234C3E /* Project object */;
}
